
Microsoft Visual Studio Solution File, Format Version 12.00
# Visual Studio 14
VisualStudioVersion = 14.0.25420.1
MinimumVisualStudioVersion = 10.0.40219.1
Project("{2150E333-8FDC-42A3-9474-1A3956D46DE8}") = "Engine", "Engine", "{4A423067-9378-424A-BD40-DA0F307E7D9E}"
EndProject
Project("{2150E333-8FDC-42A3-9474-1A3956D46DE8}") = "Games", "Games", "{50E6F525-65F8-42AF-9F26-1D966E10ED9E}"
EndProject
Project("{8BC9CEB8-8B4A-11D0-8D11-00A0C91BC942}") = "UE4", "Intermediate\ProjectFiles\UE4.vcxproj", "{D834CD45-525A-438B-AC36-B622B07855BC}"
EndProject
Project("{8BC9CEB8-8B4A-11D0-8D11-00A0C91BC942}") = "MyProject2", "Intermediate\ProjectFiles\MyProject2.vcxproj", "{1C9DCBBA-44F5-4357-95B2-2FBAD795BC13}"
EndProject
Global
	GlobalSection(SolutionConfigurationPlatforms) = preSolution
		DebugGame Editor|HTML5 = DebugGame Editor|HTML5
		DebugGame Editor|Win32 = DebugGame Editor|Win32
		DebugGame Editor|Win64 = DebugGame Editor|Win64
		DebugGame|HTML5 = DebugGame|HTML5
		DebugGame|Win32 = DebugGame|Win32
		DebugGame|Win64 = DebugGame|Win64
		Development Editor|HTML5 = Development Editor|HTML5
		Development Editor|Win32 = Development Editor|Win32
		Development Editor|Win64 = Development Editor|Win64
		Development|HTML5 = Development|HTML5
		Development|Win32 = Development|Win32
		Development|Win64 = Development|Win64
		Shipping|HTML5 = Shipping|HTML5
		Shipping|Win32 = Shipping|Win32
		Shipping|Win64 = Shipping|Win64
	EndGlobalSection
	GlobalSection(ProjectConfigurationPlatforms) = postSolution
		{D834CD45-525A-438B-AC36-B622B07855BC}.DebugGame Editor|HTML5.ActiveCfg = BuiltWithUnrealBuildTool|Win32
		{D834CD45-525A-438B-AC36-B622B07855BC}.DebugGame Editor|HTML5.Build.0 = BuiltWithUnrealBuildTool|Win32
		{D834CD45-525A-438B-AC36-B622B07855BC}.DebugGame Editor|Win32.ActiveCfg = BuiltWithUnrealBuildTool|Win32
		{D834CD45-525A-438B-AC36-B622B07855BC}.DebugGame Editor|Win32.Build.0 = BuiltWithUnrealBuildTool|Win32
		{D834CD45-525A-438B-AC36-B622B07855BC}.DebugGame Editor|Win64.ActiveCfg = BuiltWithUnrealBuildTool|Win32
		{D834CD45-525A-438B-AC36-B622B07855BC}.DebugGame Editor|Win64.Build.0 = BuiltWithUnrealBuildTool|Win32
		{D834CD45-525A-438B-AC36-B622B07855BC}.DebugGame|HTML5.ActiveCfg = BuiltWithUnrealBuildTool|Win32
		{D834CD45-525A-438B-AC36-B622B07855BC}.DebugGame|HTML5.Build.0 = BuiltWithUnrealBuildTool|Win32
		{D834CD45-525A-438B-AC36-B622B07855BC}.DebugGame|Win32.ActiveCfg = BuiltWithUnrealBuildTool|Win32
		{D834CD45-525A-438B-AC36-B622B07855BC}.DebugGame|Win32.Build.0 = BuiltWithUnrealBuildTool|Win32
		{D834CD45-525A-438B-AC36-B622B07855BC}.DebugGame|Win64.ActiveCfg = BuiltWithUnrealBuildTool|Win32
		{D834CD45-525A-438B-AC36-B622B07855BC}.DebugGame|Win64.Build.0 = BuiltWithUnrealBuildTool|Win32
		{D834CD45-525A-438B-AC36-B622B07855BC}.Development Editor|HTML5.ActiveCfg = BuiltWithUnrealBuildTool|Win32
		{D834CD45-525A-438B-AC36-B622B07855BC}.Development Editor|HTML5.Build.0 = BuiltWithUnrealBuildTool|Win32
		{D834CD45-525A-438B-AC36-B622B07855BC}.Development Editor|Win32.ActiveCfg = BuiltWithUnrealBuildTool|Win32
		{D834CD45-525A-438B-AC36-B622B07855BC}.Development Editor|Win32.Build.0 = BuiltWithUnrealBuildTool|Win32
		{D834CD45-525A-438B-AC36-B622B07855BC}.Development Editor|Win64.ActiveCfg = BuiltWithUnrealBuildTool|Win32
		{D834CD45-525A-438B-AC36-B622B07855BC}.Development Editor|Win64.Build.0 = BuiltWithUnrealBuildTool|Win32
		{D834CD45-525A-438B-AC36-B622B07855BC}.Development|HTML5.ActiveCfg = BuiltWithUnrealBuildTool|Win32
		{D834CD45-525A-438B-AC36-B622B07855BC}.Development|HTML5.Build.0 = BuiltWithUnrealBuildTool|Win32
		{D834CD45-525A-438B-AC36-B622B07855BC}.Development|Win32.ActiveCfg = BuiltWithUnrealBuildTool|Win32
		{D834CD45-525A-438B-AC36-B622B07855BC}.Development|Win32.Build.0 = BuiltWithUnrealBuildTool|Win32
		{D834CD45-525A-438B-AC36-B622B07855BC}.Development|Win64.ActiveCfg = BuiltWithUnrealBuildTool|Win32
		{D834CD45-525A-438B-AC36-B622B07855BC}.Development|Win64.Build.0 = BuiltWithUnrealBuildTool|Win32
		{D834CD45-525A-438B-AC36-B622B07855BC}.Shipping|HTML5.ActiveCfg = BuiltWithUnrealBuildTool|Win32
		{D834CD45-525A-438B-AC36-B622B07855BC}.Shipping|HTML5.Build.0 = BuiltWithUnrealBuildTool|Win32
		{D834CD45-525A-438B-AC36-B622B07855BC}.Shipping|Win32.ActiveCfg = BuiltWithUnrealBuildTool|Win32
		{D834CD45-525A-438B-AC36-B622B07855BC}.Shipping|Win32.Build.0 = BuiltWithUnrealBuildTool|Win32
		{D834CD45-525A-438B-AC36-B622B07855BC}.Shipping|Win64.ActiveCfg = BuiltWithUnrealBuildTool|Win32
		{D834CD45-525A-438B-AC36-B622B07855BC}.Shipping|Win64.Build.0 = BuiltWithUnrealBuildTool|Win32
		{1C9DCBBA-44F5-4357-95B2-2FBAD795BC13}.DebugGame Editor|HTML5.ActiveCfg = HTML5_DebugGame_Editor|Win32
		{1C9DCBBA-44F5-4357-95B2-2FBAD795BC13}.DebugGame Editor|Win32.ActiveCfg = DebugGame_Editor|Win32
		{1C9DCBBA-44F5-4357-95B2-2FBAD795BC13}.DebugGame Editor|Win64.ActiveCfg = DebugGame_Editor|x64
		{1C9DCBBA-44F5-4357-95B2-2FBAD795BC13}.DebugGame Editor|Win64.Build.0 = DebugGame_Editor|x64
		{1C9DCBBA-44F5-4357-95B2-2FBAD795BC13}.DebugGame|HTML5.ActiveCfg = HTML5_DebugGame_Game|Win32
		{1C9DCBBA-44F5-4357-95B2-2FBAD795BC13}.DebugGame|HTML5.Build.0 = HTML5_DebugGame_Game|Win32
		{1C9DCBBA-44F5-4357-95B2-2FBAD795BC13}.DebugGame|Win32.ActiveCfg = DebugGame_Game|Win32
		{1C9DCBBA-44F5-4357-95B2-2FBAD795BC13}.DebugGame|Win32.Build.0 = DebugGame_Game|Win32
		{1C9DCBBA-44F5-4357-95B2-2FBAD795BC13}.DebugGame|Win64.ActiveCfg = DebugGame_Game|x64
		{1C9DCBBA-44F5-4357-95B2-2FBAD795BC13}.DebugGame|Win64.Build.0 = DebugGame_Game|x64
		{1C9DCBBA-44F5-4357-95B2-2FBAD795BC13}.Development Editor|HTML5.ActiveCfg = HTML5_Development_Editor|Win32
		{1C9DCBBA-44F5-4357-95B2-2FBAD795BC13}.Development Editor|Win32.ActiveCfg = Development_Editor|Win32
		{1C9DCBBA-44F5-4357-95B2-2FBAD795BC13}.Development Editor|Win64.ActiveCfg = Development_Editor|x64
		{1C9DCBBA-44F5-4357-95B2-2FBAD795BC13}.Development Editor|Win64.Build.0 = Development_Editor|x64
		{1C9DCBBA-44F5-4357-95B2-2FBAD795BC13}.Development|HTML5.ActiveCfg = HTML5_Development_Game|Win32
		{1C9DCBBA-44F5-4357-95B2-2FBAD795BC13}.Development|HTML5.Build.0 = HTML5_Development_Game|Win32
		{1C9DCBBA-44F5-4357-95B2-2FBAD795BC13}.Development|Win32.ActiveCfg = Development_Game|Win32
		{1C9DCBBA-44F5-4357-95B2-2FBAD795BC13}.Development|Win32.Build.0 = Development_Game|Win32
		{1C9DCBBA-44F5-4357-95B2-2FBAD795BC13}.Development|Win64.ActiveCfg = Development_Game|x64
		{1C9DCBBA-44F5-4357-95B2-2FBAD795BC13}.Development|Win64.Build.0 = Development_Game|x64
		{1C9DCBBA-44F5-4357-95B2-2FBAD795BC13}.Shipping|HTML5.ActiveCfg = HTML5_Shipping_Game|Win32
		{1C9DCBBA-44F5-4357-95B2-2FBAD795BC13}.Shipping|HTML5.Build.0 = HTML5_Shipping_Game|Win32
		{1C9DCBBA-44F5-4357-95B2-2FBAD795BC13}.Shipping|Win32.ActiveCfg = Shipping_Game|Win32
		{1C9DCBBA-44F5-4357-95B2-2FBAD795BC13}.Shipping|Win32.Build.0 = Shipping_Game|Win32
		{1C9DCBBA-44F5-4357-95B2-2FBAD795BC13}.Shipping|Win64.ActiveCfg = Shipping_Game|x64
		{1C9DCBBA-44F5-4357-95B2-2FBAD795BC13}.Shipping|Win64.Build.0 = Shipping_Game|x64
	EndGlobalSection
	GlobalSection(SolutionProperties) = preSolution
		HideSolutionNode = FALSE
	EndGlobalSection
	GlobalSection(NestedProjects) = preSolution
		{D834CD45-525A-438B-AC36-B622B07855BC} = {4A423067-9378-424A-BD40-DA0F307E7D9E}
		{1C9DCBBA-44F5-4357-95B2-2FBAD795BC13} = {50E6F525-65F8-42AF-9F26-1D966E10ED9E}
	EndGlobalSection
EndGlobal
